
Microsoft Visual Studio Solution File, Format Version 12.00
# Visual Studio Version 16
VisualStudioVersion = 16.0.32413.119
MinimumVisualStudioVersion = 10.0.40219.1
Project("{9A19103F-16F7-4668-BE54-9A1E7A4F7556}") = "crud_mvc", "crud_mvc.csproj", "{8A469C3D-CCD8-4FDC-BE13-A44C70993C3D}"
EndProject
Global
	GlobalSection(SolutionConfigurationPlatforms) = preSolution
		Debug|Any CPU = Debug|Any CPU
		Release|Any CPU = Release|Any CPU
	EndGlobalSection
	GlobalSection(ProjectConfigurationPlatforms) = postSolution
		{8A469C3D-CCD8-4FDC-BE13-A44C70993C3D}.Debug|Any CPU.ActiveCfg = Debug|Any CPU
		{8A469C3D-CCD8-4FDC-BE13-A44C70993C3D}.Debug|Any CPU.Build.0 = Debug|Any CPU
		{8A469C3D-CCD8-4FDC-BE13-A44C70993C3D}.Release|Any CPU.ActiveCfg = Release|Any CPU
		{8A469C3D-CCD8-4FDC-BE13-A44C70993C3D}.Release|Any CPU.Build.0 = Release|Any CPU
	EndGlobalSection
	GlobalSection(SolutionProperties) = preSolution
		HideSolutionNode = FALSE
	EndGlobalSection
	GlobalSection(ExtensibilityGlobals) = postSolution
		SolutionGuid = {CA782BD8-20A9-4731-93A0-0290CB60E14E}
	EndGlobalSection
EndGlobal
